Microsoft Visual Studio Solution File, Format Version 12.00
# Visual Studio Version 17
VisualStudioVersion = 17.5.2.0
MinimumVisualStudioVersion = 10.0.40219.1
Project("{FAE04EC0-301F-11D3-BF4B-00C04F79EFBC}") = "DIOMotors", "DIOMotors\DIOMotors.csproj", "{A0CAA647-410B-05BD-1F9E-766EB0E551B4}"
EndProject
Global
	GlobalSection(SolutionConfigurationPlatforms) = preSolution
		Debug|Any CPU = Debug|Any CPU
		Release|Any CPU = Release|Any CPU
	EndGlobalSection
	GlobalSection(ProjectConfigurationPlatforms) = postSolution
		{A0CAA647-410B-05BD-1F9E-766EB0E551B4}.Debug|Any CPU.ActiveCfg = Debug|Any CPU
		{A0CAA647-410B-05BD-1F9E-766EB0E551B4}.Debug|Any CPU.Build.0 = Debug|Any CPU
		{A0CAA647-410B-05BD-1F9E-766EB0E551B4}.Release|Any CPU.ActiveCfg = Release|Any CPU
		{A0CAA647-410B-05BD-1F9E-766EB0E551B4}.Release|Any CPU.Build.0 = Release|Any CPU
	EndGlobalSection
	GlobalSection(SolutionProperties) = preSolution
		HideSolutionNode = FALSE
	EndGlobalSection
	GlobalSection(ExtensibilityGlobals) = postSolution
		SolutionGuid = {0DB3129A-B437-4D92-83F4-24CA4A2F498C}
	EndGlobalSection
EndGlobal
